
Microsoft Visual Studio Solution File, Format Version 12.00
# Visual Studio Version 16
VisualStudioVersion = 16.0.31702.278
MinimumVisualStudioVersion = 10.0.40219.1
Project("{FAE04EC0-301F-11D3-BF4B-00C04F79EFBC}") = "AppDapper", "AppDapper\AppDapper.csproj", "{AF9F8648-8A4A-40E0-9A75-AE8E73EFC5FF}"
EndProject
Global
	GlobalSection(SolutionConfigurationPlatforms) = preSolution
		Debug|Any CPU = Debug|Any CPU
		Release|Any CPU = Release|Any CPU
	EndGlobalSection
	GlobalSection(ProjectConfigurationPlatforms) = postSolution
		{AF9F8648-8A4A-40E0-9A75-AE8E73EFC5FF}.Debug|Any CPU.ActiveCfg = Debug|Any CPU
		{AF9F8648-8A4A-40E0-9A75-AE8E73EFC5FF}.Debug|Any CPU.Build.0 = Debug|Any CPU
		{AF9F8648-8A4A-40E0-9A75-AE8E73EFC5FF}.Release|Any CPU.ActiveCfg = Release|Any CPU
		{AF9F8648-8A4A-40E0-9A75-AE8E73EFC5FF}.Release|Any CPU.Build.0 = Release|Any CPU
	EndGlobalSection
	GlobalSection(SolutionProperties) = preSolution
		HideSolutionNode = FALSE
	EndGlobalSection
	GlobalSection(ExtensibilityGlobals) = postSolution
		SolutionGuid = {1DA3CF35-D9DA-4065-8434-7D02E187F76E}
	EndGlobalSection
EndGlobal
